
Microsoft Visual Studio Solution File, Format Version 12.00
# Visual Studio Version 16
VisualStudioVersion = 16.0.31410.357
MinimumVisualStudioVersion = 10.0.40219.1
Project("{8BC9CEB8-8B4A-11D0-8D11-00A0C91BC942}") = "Presents", "Presents.vcxproj", "{D6B2CDCA-A517-4E1F-BD2A-B1541BBB0B0A}"
EndProject
Global
	GlobalSection(SolutionConfigurationPlatforms) = preSolution
		Debug|x64 = Debug|x64
		Debug|x86 = Debug|x86
		Release|x64 = Release|x64
		Release|x86 = Release|x86
	EndGlobalSection
	GlobalSection(ProjectConfigurationPlatforms) = postSolution
		{D6B2CDCA-A517-4E1F-BD2A-B1541BBB0B0A}.Debug|x64.ActiveCfg = Debug|x64
		{D6B2CDCA-A517-4E1F-BD2A-B1541BBB0B0A}.Debug|x64.Build.0 = Debug|x64
		{D6B2CDCA-A517-4E1F-BD2A-B1541BBB0B0A}.Debug|x86.ActiveCfg = Debug|Win32
		{D6B2CDCA-A517-4E1F-BD2A-B1541BBB0B0A}.Debug|x86.Build.0 = Debug|Win32
		{D6B2CDCA-A517-4E1F-BD2A-B1541BBB0B0A}.Release|x64.ActiveCfg = Release|x64
		{D6B2CDCA-A517-4E1F-BD2A-B1541BBB0B0A}.Release|x64.Build.0 = Release|x64
		{D6B2CDCA-A517-4E1F-BD2A-B1541BBB0B0A}.Release|x86.ActiveCfg = Release|Win32
		{D6B2CDCA-A517-4E1F-BD2A-B1541BBB0B0A}.Release|x86.Build.0 = Release|Win32
	EndGlobalSection
	GlobalSection(SolutionProperties) = preSolution
		HideSolutionNode = FALSE
	EndGlobalSection
	GlobalSection(ExtensibilityGlobals) = postSolution
		SolutionGuid = {8B8BAEB6-C761-4C8E-BA62-E872608659DB}
	EndGlobalSection
EndGlobal
