
Microsoft Visual Studio Solution File, Format Version 12.00
# Visual Studio Version 16
VisualStudioVersion = 16.0.31410.357
MinimumVisualStudioVersion = 10.0.40219.1
Project("{8BC9CEB8-8B4A-11D0-8D11-00A0C91BC942}") = "Beautiful Year", "Beautiful Year.vcxproj", "{3EDA4D9A-4061-4595-AA38-F11A2C051B05}"
EndProject
Global
	GlobalSection(SolutionConfigurationPlatforms) = preSolution
		Debug|x64 = Debug|x64
		Debug|x86 = Debug|x86
		Release|x64 = Release|x64
		Release|x86 = Release|x86
	EndGlobalSection
	GlobalSection(ProjectConfigurationPlatforms) = postSolution
		{3EDA4D9A-4061-4595-AA38-F11A2C051B05}.Debug|x64.ActiveCfg = Debug|x64
		{3EDA4D9A-4061-4595-AA38-F11A2C051B05}.Debug|x64.Build.0 = Debug|x64
		{3EDA4D9A-4061-4595-AA38-F11A2C051B05}.Debug|x86.ActiveCfg = Debug|Win32
		{3EDA4D9A-4061-4595-AA38-F11A2C051B05}.Debug|x86.Build.0 = Debug|Win32
		{3EDA4D9A-4061-4595-AA38-F11A2C051B05}.Release|x64.ActiveCfg = Release|x64
		{3EDA4D9A-4061-4595-AA38-F11A2C051B05}.Release|x64.Build.0 = Release|x64
		{3EDA4D9A-4061-4595-AA38-F11A2C051B05}.Release|x86.ActiveCfg = Release|Win32
		{3EDA4D9A-4061-4595-AA38-F11A2C051B05}.Release|x86.Build.0 = Release|Win32
	EndGlobalSection
	GlobalSection(SolutionProperties) = preSolution
		HideSolutionNode = FALSE
	EndGlobalSection
	GlobalSection(ExtensibilityGlobals) = postSolution
		SolutionGuid = {A631F480-B366-4A47-AE13-CAFAC1574A9A}
	EndGlobalSection
EndGlobal
