
Microsoft Visual Studio Solution File, Format Version 12.00
# Visual Studio Version 16
VisualStudioVersion = 16.0.31410.357
MinimumVisualStudioVersion = 10.0.40219.1
Project("{8BC9CEB8-8B4A-11D0-8D11-00A0C91BC942}") = "Balanced Array", "Balanced Array.vcxproj", "{24F00D9C-2C79-48D3-92BC-FF126F2E808D}"
EndProject
Global
	GlobalSection(SolutionConfigurationPlatforms) = preSolution
		Debug|x64 = Debug|x64
		Debug|x86 = Debug|x86
		Release|x64 = Release|x64
		Release|x86 = Release|x86
	EndGlobalSection
	GlobalSection(ProjectConfigurationPlatforms) = postSolution
		{24F00D9C-2C79-48D3-92BC-FF126F2E808D}.Debug|x64.ActiveCfg = Debug|x64
		{24F00D9C-2C79-48D3-92BC-FF126F2E808D}.Debug|x64.Build.0 = Debug|x64
		{24F00D9C-2C79-48D3-92BC-FF126F2E808D}.Debug|x86.ActiveCfg = Debug|Win32
		{24F00D9C-2C79-48D3-92BC-FF126F2E808D}.Debug|x86.Build.0 = Debug|Win32
		{24F00D9C-2C79-48D3-92BC-FF126F2E808D}.Release|x64.ActiveCfg = Release|x64
		{24F00D9C-2C79-48D3-92BC-FF126F2E808D}.Release|x64.Build.0 = Release|x64
		{24F00D9C-2C79-48D3-92BC-FF126F2E808D}.Release|x86.ActiveCfg = Release|Win32
		{24F00D9C-2C79-48D3-92BC-FF126F2E808D}.Release|x86.Build.0 = Release|Win32
	EndGlobalSection
	GlobalSection(SolutionProperties) = preSolution
		HideSolutionNode = FALSE
	EndGlobalSection
	GlobalSection(ExtensibilityGlobals) = postSolution
		SolutionGuid = {27426C66-B596-4675-B032-5ED2F85AF026}
	EndGlobalSection
EndGlobal
