
Microsoft Visual Studio Solution File, Format Version 12.00
# Visual Studio Version 16
VisualStudioVersion = 16.0.31410.357
MinimumVisualStudioVersion = 10.0.40219.1
Project("{8BC9CEB8-8B4A-11D0-8D11-00A0C91BC942}") = "Insomnia cure", "Insomnia cure.vcxproj", "{DF011A51-3CF1-415F-810D-CE4591DD19A8}"
EndProject
Global
	GlobalSection(SolutionConfigurationPlatforms) = preSolution
		Debug|x64 = Debug|x64
		Debug|x86 = Debug|x86
		Release|x64 = Release|x64
		Release|x86 = Release|x86
	EndGlobalSection
	GlobalSection(ProjectConfigurationPlatforms) = postSolution
		{DF011A51-3CF1-415F-810D-CE4591DD19A8}.Debug|x64.ActiveCfg = Debug|x64
		{DF011A51-3CF1-415F-810D-CE4591DD19A8}.Debug|x64.Build.0 = Debug|x64
		{DF011A51-3CF1-415F-810D-CE4591DD19A8}.Debug|x86.ActiveCfg = Debug|Win32
		{DF011A51-3CF1-415F-810D-CE4591DD19A8}.Debug|x86.Build.0 = Debug|Win32
		{DF011A51-3CF1-415F-810D-CE4591DD19A8}.Release|x64.ActiveCfg = Release|x64
		{DF011A51-3CF1-415F-810D-CE4591DD19A8}.Release|x64.Build.0 = Release|x64
		{DF011A51-3CF1-415F-810D-CE4591DD19A8}.Release|x86.ActiveCfg = Release|Win32
		{DF011A51-3CF1-415F-810D-CE4591DD19A8}.Release|x86.Build.0 = Release|Win32
	EndGlobalSection
	GlobalSection(SolutionProperties) = preSolution
		HideSolutionNode = FALSE
	EndGlobalSection
	GlobalSection(ExtensibilityGlobals) = postSolution
		SolutionGuid = {48B4691D-9833-4351-8414-CE1E4094CA06}
	EndGlobalSection
EndGlobal
