
Microsoft Visual Studio Solution File, Format Version 12.00
# Visual Studio Version 17
VisualStudioVersion = 17.2.32630.192
MinimumVisualStudioVersion = 10.0.40219.1
Project("{8BC9CEB8-8B4A-11D0-8D11-00A0C91BC942}") = "To Divide or Not To Divide", "To Divide or Not To Divide\To Divide or Not To Divide.vcxproj", "{4C69EAA3-051E-45E3-905C-6C767A056F92}"
EndProject
Global
	GlobalSection(SolutionConfigurationPlatforms) = preSolution
		Debug|x64 = Debug|x64
		Debug|x86 = Debug|x86
		Release|x64 = Release|x64
		Release|x86 = Release|x86
	EndGlobalSection
	GlobalSection(ProjectConfigurationPlatforms) = postSolution
		{4C69EAA3-051E-45E3-905C-6C767A056F92}.Debug|x64.ActiveCfg = Debug|x64
		{4C69EAA3-051E-45E3-905C-6C767A056F92}.Debug|x64.Build.0 = Debug|x64
		{4C69EAA3-051E-45E3-905C-6C767A056F92}.Debug|x86.ActiveCfg = Debug|Win32
		{4C69EAA3-051E-45E3-905C-6C767A056F92}.Debug|x86.Build.0 = Debug|Win32
		{4C69EAA3-051E-45E3-905C-6C767A056F92}.Release|x64.ActiveCfg = Release|x64
		{4C69EAA3-051E-45E3-905C-6C767A056F92}.Release|x64.Build.0 = Release|x64
		{4C69EAA3-051E-45E3-905C-6C767A056F92}.Release|x86.ActiveCfg = Release|Win32
		{4C69EAA3-051E-45E3-905C-6C767A056F92}.Release|x86.Build.0 = Release|Win32
	EndGlobalSection
	GlobalSection(SolutionProperties) = preSolution
		HideSolutionNode = FALSE
	EndGlobalSection
	GlobalSection(ExtensibilityGlobals) = postSolution
		SolutionGuid = {8452B7DA-B746-4200-BC2E-B132C465914F}
	EndGlobalSection
EndGlobal
