
Microsoft Visual Studio Solution File, Format Version 12.00
# Visual Studio Version 16
VisualStudioVersion = 16.0.31410.357
MinimumVisualStudioVersion = 10.0.40219.1
Project("{8BC9CEB8-8B4A-11D0-8D11-00A0C91BC942}") = "Arrival of the General", "Arrival of the General.vcxproj", "{F88C9FA1-235A-4857-91B7-16465291CC2D}"
EndProject
Global
	GlobalSection(SolutionConfigurationPlatforms) = preSolution
		Debug|x64 = Debug|x64
		Debug|x86 = Debug|x86
		Release|x64 = Release|x64
		Release|x86 = Release|x86
	EndGlobalSection
	GlobalSection(ProjectConfigurationPlatforms) = postSolution
		{F88C9FA1-235A-4857-91B7-16465291CC2D}.Debug|x64.ActiveCfg = Debug|x64
		{F88C9FA1-235A-4857-91B7-16465291CC2D}.Debug|x64.Build.0 = Debug|x64
		{F88C9FA1-235A-4857-91B7-16465291CC2D}.Debug|x86.ActiveCfg = Debug|Win32
		{F88C9FA1-235A-4857-91B7-16465291CC2D}.Debug|x86.Build.0 = Debug|Win32
		{F88C9FA1-235A-4857-91B7-16465291CC2D}.Release|x64.ActiveCfg = Release|x64
		{F88C9FA1-235A-4857-91B7-16465291CC2D}.Release|x64.Build.0 = Release|x64
		{F88C9FA1-235A-4857-91B7-16465291CC2D}.Release|x86.ActiveCfg = Release|Win32
		{F88C9FA1-235A-4857-91B7-16465291CC2D}.Release|x86.Build.0 = Release|Win32
	EndGlobalSection
	GlobalSection(SolutionProperties) = preSolution
		HideSolutionNode = FALSE
	EndGlobalSection
	GlobalSection(ExtensibilityGlobals) = postSolution
		SolutionGuid = {63DB724E-99D9-4C62-9885-368C2AC7EA2E}
	EndGlobalSection
EndGlobal
